
Microsoft Visual Studio Solution File, Format Version 12.00
# Visual Studio Version 16
VisualStudioVersion = 16.0.31005.135
MinimumVisualStudioVersion = 10.0.40219.1
Project("{FAE04EC0-301F-11D3-BF4B-00C04F79EFBC}") = "MvvmDemo", "MvvmDemo\MvvmDemo.csproj", "{B9541F50-F4F3-4D67-B0D1-D63A78FA4583}"
EndProject
Global
	GlobalSection(SolutionConfigurationPlatforms) = preSolution
		Debug|Any CPU = Debug|Any CPU
		Release|Any CPU = Release|Any CPU
	EndGlobalSection
	GlobalSection(ProjectConfigurationPlatforms) = postSolution
		{B9541F50-F4F3-4D67-B0D1-D63A78FA4583}.Debug|Any CPU.ActiveCfg = Debug|Any CPU
		{B9541F50-F4F3-4D67-B0D1-D63A78FA4583}.Debug|Any CPU.Build.0 = Debug|Any CPU
		{B9541F50-F4F3-4D67-B0D1-D63A78FA4583}.Release|Any CPU.ActiveCfg = Release|Any CPU
		{B9541F50-F4F3-4D67-B0D1-D63A78FA4583}.Release|Any CPU.Build.0 = Release|Any CPU
	EndGlobalSection
	GlobalSection(SolutionProperties) = preSolution
		HideSolutionNode = FALSE
	EndGlobalSection
	GlobalSection(ExtensibilityGlobals) = postSolution
		SolutionGuid = {F5A6F72B-B92A-4AB1-8E34-7675419349BA}
	EndGlobalSection
EndGlobal
